# compat/fixtures/http — the frozen /v1 HTTP wire corpus.
# ADD-ONLY: a fixture may never be edited or deleted (docs/compat/CHECKLIST.md).
bootstrap_delegation.res.json  aed3810e821500f6a9cc4c713be301d113daebca8802ecb263d6fb746204983f
bootstrap_operational_key.res.json  eb1fad6e1fc4471f3bfbd155d821cb2873721d135c00da70eae72ee8d48fba5d
directory_by_id.res.json  8868856d39db69b88a836821a4317e2b37a5d8bf53d29d05020cadfe2d9eefc8
directory_by_username.res.json  8868856d39db69b88a836821a4317e2b37a5d8bf53d29d05020cadfe2d9eefc8
directory_publish.req.json  afb43131903fc6001fa6cce53152bdb3db2e61612d3ff16784ac6173b313b753
files_add_wrap.req.json  b37066c18af4352dd99b8041169db89b449e6cadd09152276b854d82d97df114
files_chunk.content.0.bin  b56a63a4d256f09869c8d59ee6182987b7d4a83cd06a1a752b9887285bfa56dd
files_chunk.content.1.bin  bb3b30f87e70b6709059af0f6b34634d5854dfd91d7e169605767e31865848eb
files_chunk.metadata.0.bin  2d3fe66887df13630c11301f6b427c42e1826124f1f0b30f694486c19ffc63a6
files_create.req.json  a9647b94dceb14ec05863ada8a36b04905cf0ab2bb88ed0144c45f54630b10c8
files_create.res.json  d323562b75d338cd265575a4268f094c8954191730b5c9391fb2ab53cd652eee
files_create.v1_no_bundle_fields.req.json  bd42fb3fe0950bfc7144714bc1df519a12e427743c60a35103a3b3306ebd7bea
files_create.v1_no_bundle_fields.res.json  7ee929ae7061919accbd7c3281b2aa7eb8bd4379d6d49b53f27d76f940d89c71
files_finalize.req.json  38e0b9de817f645c4bec37c0d4a3e58baecccb040f5718dc069a72c7385a0bed
files_get.res.json  37f91683a918e7a94cf6e40ee44ef5db5c96963ead0e849d4394eeb8e75e0fab
files_list.res.json  b65868e43a94bd952396547065ffe68e4aeb3b41edfc649e8ffba45daa39fe61
files_recipients.res.json  375598b6fe3b771ef4e1dedfb1f9d3195cad5d495479845f287d20b1b95dfe59
files_stage_version.req.json  1255033444348295f1a2023f7c9ae0df95c8ec8b17f11d5f2026bef82f9b3834
files_stage_version.res.json  39c4f51d327ece25d4473e7317bfd524bd393e73733adcfec1d18241e30b3b37
keys.testkey.json  6aedcaacac3f25232838042c7857e26f54df752c00a57dbe6361d63d50eff941
recovery_pubkey.res.json  bf86e90edf2a1632b2ea447cf9aba3930af5aea5a6f936ad6d3426923c65c928
recovery_register.v1_no_mlkem.req.json  f5e91da7be879e77523b1ba2bb42c6c9754bf37374389b13ae4cfb1092f9df01
recovery_register.v2.req.json  b32f0bbc9296735a586159d4f37076577bfadd5ebbfd00262a4f5515a4ba6c99
revocations_get.res.json  98972e3798e24830922d5017129d68bec20741686c62a00b272bc2536d531113
revocations_post.req.json  3a22401a36a559ee7674c36ec1d6a0fcc481d917a31d6644990922c092eb994f
revocations_post.res.json  119126ff8ceb83973fc922663337a1f029fdfaa1970e016bd22ea93eb668de60
routes.json  1881891ee270a57c378ab2a6f9b9fafee7919f583e9cb309bf42c59becd35e73
session_challenge.req.json  98cdbd97a23ea5dc83563ee14ae0acf365cacba4b9f6c5b8e4b4b6578b544c8e
session_challenge.res.json  28ab96eb1c3878936f2951897601f90325b6fe43e13af61a96585ff2b55b2f6b
session_proof.req.json  152d95019fc6bf2f290f4492583d64678279c87475634bf8ee3a300761f1f243
session_proof.res.json  a7cdcc2d5b72a05a67d461bf3b7212a3205e7d2e2bb3afd8b61a02ab04a58301
users_register.v1_no_mlkem.req.json  c3b3b66ff4fb9c118aca870228f245bb7e999008001e27e2c09001c96b975962
users_register.v1_no_mlkem.res.json  e67e732b7be5baa68cb38fb5b779f9d90d78e1dab1c2d59159e7aeba97519fc3
users_register.v2.req.json  915f08543bec10032169c9b6e42882cb347684ca0f8bc944892338f6324ce623
users_register.v2.res.json  56eb2362ed5aeb5470c29b3d90bf2879d71e616577c802749c9066857c2394dd
