# MaxSecu backward-compatibility gate — frozen corpus lock.
# Fixtures may be ADDED. Never edited. Never deleted.
# <filename>  <sha256-hex>, sorted.  see docs/compat/CHECKLIST.md
bundle_body.bin  4a29089038704f8d7d658cee63674b1a45d35fbffb15713c375d07fbe3f39343
bundle_body.expect.json  f26b01462358dd92160f6e4a6f8690e5d672b8a93f32f71aadf2435adac6f47c
signed_dirbinding_classical.bin  041c58f11810cd1e31799db0ad9785b9e195d834a4932dab9907a4cb1abf1780
signed_dirbinding_classical.expect.json  da407393e8ab88cd6163c08556d1193be81961bd90008cea21f0c023402db4f2
signed_dirbinding_classical.sig  3d8c102c4ca974a50f6f111d5acf96309a825701e1c6487afd148d0c24461b13
signed_dirbinding_pq.bin  a6b44c5efdf0ee86fcbf2d421c3147f0963410421d0c6d3d523f4433e232585a
signed_dirbinding_pq.expect.json  b044804f417854a2638cbf7ce4edb802490986e4b7eba7470267a14bbd9b793d
signed_dirbinding_pq.sig  f089b695ffdfa7d597f7b6ac22fa82ebd2654f637f73fcb54e8fc45bdf959f86
signed_manifest_v1.bin  20a34deee50b419b049bec1f7a56c74d524e7b2a0acb80d3f7f4764f1e67703c
signed_manifest_v1.expect.json  45b10087caf9a536c97debe0e8f5bae1fca2f6dcee3d5955af58fee18e205f54
signed_manifest_v1.sig  7b6e7bf148e903ed77aa3bdb42a9e9a5a663f56c0b0f4ef36fbd7f768090d6a9
signed_manifest_v2.bin  4216dd3cfe6476742b2bcc642f3208f5a94d6be065b442d203a858778470d6f5
signed_manifest_v2.expect.json  ac62330b9135fdf907f2388f758ef76818e80134e9243f7fdd3d4649ea0334c0
signed_manifest_v2.sig  2e3283bd6ef303cbf78a00a3bcb79ee02edb99305b0b705eadfcf1f66475fe0a
