# corpus.lock — ADD-ONLY. Fixtures may be added; never edited, never deleted.
# Format: <filename>  <sha256-hex>, sorted by filename, LF endings.
# See docs/compat/CHECKLIST.md.
contacts.bin  f2211da7704d955a87ba32ead7d268f6c9afcdd7116d07cb0325e8ec6562dc3d
contacts.expect.json  5013cc033215fa6b4d80b906b486681498d3dbd0ec6c0a757468d716baeed36d
identity_v2.expect.json  8fd579a8bd122ce6960ff5cdad5637356190d1a211ce03cc15ebc0c255dec4ef
identity_v2.keyblob  db0c8a2f6ece155331c8ae4d60a537d8174f7f42c7f360f24a9c2e81ae03fd08
identity_v2.passphrase.txt  a0b3ce5f46e73d8869fbf4392185effeedccba82a9adcd51c94c8c4651ac069d
kt_checkpoint.expect.json  6e9c7fb2152d7c0e4e3254743852f68980c28f3d330bee1e3693eca0bb74a6a2
kt_checkpoint.kt  bd86f979e2e355ff2eb55cdeacb61daf50b77097b0402cf570ee2f00386c9566
search_index.expect.json  03887158c4c601e250138b1e4d00ed7c858087451643622fcf3c66e9a6dc5ddf
search_index.idx  7888df1b4223a248e23fbef6719e812e23637ad3540a8a182f173dfa2c8c77e8
settings_current.expect.json  efb001e2a8c320c0f1a5ecb41219be8e48dc09e85442dda364b5140a3b24add5
settings_current.json  96c24eb730e6ff635c7265ed95d9e57b3357a6f233cd5ba48657a06d882f60d9
settings_future_key.json  339de0c0c11ef5770c91c21ac8665eae83ed585c1572dbb4668a5c1ed3cf181b
settings_legacy.expect.json  fe03f74feaa3c0f732843289252871ac28d8c9fb26698ea05661725c3d611283
settings_legacy.json  9664198a77b769572f97868eb8259a902a98f96572ef3ab7ce7c5eff2ca2e56b
staging_record.expect.json  214ecdc7f5d8564ffb856b6b94e3e05c4684646d0efd56b89b0bb5bd0531959e
staging_record.json  aaa297302b08070ed79967ebb16c1229126097c26db810c219ad1982f27bc75a
tofu_pins.expect.json  d74da5de2a6618f4132e539448e8d29c515e0d3b978f030aa00f75396bfdc652
tofu_pins.tofu  9f0e8bc7644cb332b90dc742c0a9ca38f8fd2e636cb79aaf01d58a539d1793a8
wire/add_wrap_body.keys.json  1d15cd06cc52bf52a525f14ba91958f29c691813abdac415bae9d84e0b26bc14
wire/recovery_verify_body.keys.json  f678e68e7c49db71b94c05976a7160169f63206f27bbb1805b71bf29eb58335c
wire/register_body.keys.json  992a11b339f6aafc93dbca0fcdf41e4bcb77a4a935c90bd934e9ab95f1ba791c
wire/session_challenge_body.keys.json  7cfed2a3a3689ab4bd8a10fbcec2396923846201d81ee3b2937c6e39fa1815f1
wire/session_prove_body.keys.json  eaaaa3e9079907118f87536be7b6d0bdcb5cf630b541b4e9a665ac27945a23b4
wire/stage_files_body.keys.json  e727fb8885db1465881c390a3431a43384826935abd13d89547f14c0f4415763
wire/stage_files_stream.keys.json  5348cc0e3c899c5b28c154d72496057f9dc11aa314517461f0665413d989f604
wire/stage_files_wrap.keys.json  1d15cd06cc52bf52a525f14ba91958f29c691813abdac415bae9d84e0b26bc14
