# MaxSecu backward-compatibility gate — frozen corpus lock.
# Fixtures may be ADDED. Never edited. Never deleted.
# <filename>  <sha256-hex>, sorted.  see docs/compat/CHECKLIST.md
chunk_content_0.bin  39737e5ddb28b581a00d1366980212ca99027c12a194d0c1d12ceef76bb3e253
chunk_content_1.bin  ed353f46a30ebcb3fc1dcf51db9ed3e44907f82d7cbbc0fcebbdba12711c8377
chunk_dek.testkey  3ef9448397ae2f99365c876d7eeecbde510d1f91bb58cf9a82ee7346daa87b4e
chunk_metadata.bin  e431b42c34554c81873727259f11ed79fcc0ac5e0ef75ddd9f3f7c36d3c5cc7f
chunk_preview.bin  9484731a08a4ae1ae136dc99fcd05eb31d2f353081e8e9384a94fab62385bd3d
chunk_thumbnail.bin  332d31bc3580e290f61bb36ed37f58426dc36cb6f0f87ef711a797bda9be6b24
chunks.expect.json  17264e714b154e31288a962dbe08289d392fd46d0f6a8d2e76ece5a6b27ef1e2
wrap_v1.bin  dc1e35850eaa02eb907bf2ddd153c27e1417e303dc004377114cf5fc06a0ca1d
wrap_v1.expect.json  330e5c54093ff12f64b4e9550cbc9e7004dbfd0d3edff31dc1545f579ce37ab5
wrap_v1.testkey  26480cfd0d94796d887a352a2e7ee1447ded72c00a50c7f5b793af9082fe36af
wrap_v1_to_pq.bin  09220421ad31f57dd450f6c334f89ec2e08fdd7a2f55d05f555cc6c5efb394c6
wrap_v1_to_pq.expect.json  591c1aeb06c571773f02001d62986d3a3975a6ca5581c8a540a72a7f61fcfaa0
wrap_v1_to_pq.testkey  6fdfe7439362c1cba2c30a66f418fd2e4a64bba3e3cc6579664554933f28a29f
wrap_v2.bin  142686ba7c1fd604743ef59dc9da7ca3c0d721c1003dac01fd56ad9dbee248c3
wrap_v2.expect.json  5f77762493f83b7cbfe5419f67abf579b5605d2d73f35b092709337bab06e9ef
wrap_v2.testkey  470c30b74562776364ebd813aae84e7c9c8bfb405183cf1ca23c825c3d3e6a27
